
Microsoft Visual Studio Solution File, Format Version 12.00
# Visual Studio Version 16
VisualStudioVersion = 25.0.1703.0
MinimumVisualStudioVersion = 10.0.40219.1
Project("{FAE04EC0-301F-11D3-BF4B-00C04F79EFBC}") = "CSVParserApp", "CSVParserApp\CSVParserApp.csproj", "{BA9FFD4F-CA85-4774-9545-903184968DA2}"
EndProject
Project("{FAE04EC0-301F-11D3-BF4B-00C04F79EFBC}") = "CSVParserTest", "CSVParserTest\CSVParserTest.csproj", "{41D8F2AA-BF26-4AA9-9047-43B4798CD9DB}"
EndProject
Global
	GlobalSection(SolutionConfigurationPlatforms) = preSolution
		Debug|Any CPU = Debug|Any CPU
		Release|Any CPU = Release|Any CPU
	EndGlobalSection
	GlobalSection(ProjectConfigurationPlatforms) = postSolution
		{BA9FFD4F-CA85-4774-9545-903184968DA2}.Debug|Any CPU.ActiveCfg = Debug|Any CPU
		{BA9FFD4F-CA85-4774-9545-903184968DA2}.Debug|Any CPU.Build.0 = Debug|Any CPU
		{BA9FFD4F-CA85-4774-9545-903184968DA2}.Release|Any CPU.ActiveCfg = Release|Any CPU
		{BA9FFD4F-CA85-4774-9545-903184968DA2}.Release|Any CPU.Build.0 = Release|Any CPU
		{41D8F2AA-BF26-4AA9-9047-43B4798CD9DB}.Debug|Any CPU.ActiveCfg = Debug|Any CPU
		{41D8F2AA-BF26-4AA9-9047-43B4798CD9DB}.Debug|Any CPU.Build.0 = Debug|Any CPU
		{41D8F2AA-BF26-4AA9-9047-43B4798CD9DB}.Release|Any CPU.ActiveCfg = Release|Any CPU
		{41D8F2AA-BF26-4AA9-9047-43B4798CD9DB}.Release|Any CPU.Build.0 = Release|Any CPU
	EndGlobalSection
	GlobalSection(SolutionProperties) = preSolution
		HideSolutionNode = FALSE
	EndGlobalSection
	GlobalSection(ExtensibilityGlobals) = postSolution
		SolutionGuid = {F376E6A2-32B6-4ECB-8E49-1D04F8A5A07D}
	EndGlobalSection
EndGlobal
